<?xml version="1.0" encoding="utf-8"?>
<Project ToolsVersion="4.0" xmlns="http://schemas.microsoft.com/developer/msbuild/2003">
  <ItemGroup>
    <ClInclude Include="fps.h" />
    <ClInclude Include="Game.h">
      <Filter>manager</Filter>
    </ClInclude>
    <ClInclude Include="iter.h" />
    <ClInclude Include="Actor.h">
      <Filter>Actor\base</Filter>
    </ClInclude>
    <ClInclude Include="Component.h">
      <Filter>Component\base</Filter>
    </ClInclude>
    <ClInclude Include="SpriteComponent.h">
      <Filter>Component\Sprite</Filter>
    </ClInclude>
    <ClInclude Include="InputComponent.h">
      <Filter>Component\Move</Filter>
    </ClInclude>
    <ClInclude Include="MoveComponent.h">
      <Filter>Component\Move\base</Filter>
    </ClInclude>
    <ClInclude Include="RectComponent.h">
      <Filter>Component\Rect</Filter>
    </ClInclude>
    <ClInclude Include="Drop.h">
      <Filter>Actor</Filter>
    </ClInclude>
    <ClInclude Include="VECTOR2.h">
      <Filter>VECTOR2</Filter>
    </ClInclude>
    <ClInclude Include="Key.h" />
    <ClInclude Include="Selector.h">
      <Filter>Actor</Filter>
    </ClInclude>
    <ClInclude Include="BackGround.h">
      <Filter>Actor</Filter>
    </ClInclude>
  </ItemGroup>
  <ItemGroup>
    <ClCompile Include="main.cpp" />
    <ClCompile Include="Game.cpp">
      <Filter>manager</Filter>
    </ClCompile>
    <ClCompile Include="Actor.cpp">
      <Filter>Actor\base</Filter>
    </ClCompile>
    <ClCompile Include="Component.cpp">
      <Filter>Component\base</Filter>
    </ClCompile>
    <ClCompile Include="fps.cpp" />
    <ClCompile Include="SpriteComponent.cpp">
      <Filter>Component\Sprite</Filter>
    </ClCompile>
    <ClCompile Include="InputComponent.cpp">
      <Filter>Component\Move</Filter>
    </ClCompile>
    <ClCompile Include="MoveComponent.cpp">
      <Filter>Component\Move\base</Filter>
    </ClCompile>
    <ClCompile Include="RectComponent.cpp">
      <Filter>Component\Rect</Filter>
    </ClCompile>
    <ClCompile Include="Drop.cpp">
      <Filter>Actor</Filter>
    </ClCompile>
    <ClCompile Include="VECTOR2.cpp">
      <Filter>VECTOR2</Filter>
    </ClCompile>
    <ClCompile Include="Key.cpp" />
    <ClCompile Include="Selector.cpp">
      <Filter>Actor</Filter>
    </ClCompile>
    <ClCompile Include="BackGround.cpp">
      <Filter>Actor</Filter>
    </ClCompile>
  </ItemGroup>
  <ItemGroup>
    <Filter Include="manager">
      <UniqueIdentifier>{5b227ed6-8b7f-4118-bafb-addb506df565}</UniqueIdentifier>
    </Filter>
    <Filter Include="Actor">
      <UniqueIdentifier>{3cf4a1cb-8cff-4edb-84d6-e6f6a81f6bb8}</UniqueIdentifier>
    </Filter>
    <Filter Include="Actor\base">
      <UniqueIdentifier>{b467f7a9-bdf1-43f2-8980-47df22f7c9bd}</UniqueIdentifier>
    </Filter>
    <Filter Include="Component">
      <UniqueIdentifier>{7f81bfc6-c20f-424f-8fd2-fc360d3dc0ca}</UniqueIdentifier>
    </Filter>
    <Filter Include="Component\base">
      <UniqueIdentifier>{29955b8d-f96a-4707-be78-9bae51613b68}</UniqueIdentifier>
    </Filter>
    <Filter Include="Component\Sprite">
      <UniqueIdentifier>{c8a95eb9-8325-420b-8d86-126476317336}</UniqueIdentifier>
    </Filter>
    <Filter Include="Component\Move">
      <UniqueIdentifier>{ed9749a0-e094-4bd5-a132-2699fd3cc298}</UniqueIdentifier>
    </Filter>
    <Filter Include="Component\Move\base">
      <UniqueIdentifier>{531c46ef-d41b-49c6-bd8b-5e4c13285650}</UniqueIdentifier>
    </Filter>
    <Filter Include="Component\Rect">
      <UniqueIdentifier>{e9fc9b12-702a-4857-afd9-6cfe697f8d28}</UniqueIdentifier>
    </Filter>
    <Filter Include="VECTOR2">
      <UniqueIdentifier>{26793bd1-e923-471e-8a0a-5807d0a9b9fc}</UniqueIdentifier>
    </Filter>
  </ItemGroup>
</Project>